<?xml version="1.0" encoding="utf-8"?>
<Project ToolsVersion="4.0" xmlns="http://schemas.microsoft.com/developer/msbuild/2003">
  <ItemGroup>
    <Filter Include="Source Files">
      <UniqueIdentifier>{4FC737F1-C7A5-4376-A066-2A32D752A2FF}</UniqueIdentifier>
      <Extensions>cpp;c;cc;cxx;def;odl;idl;hpj;bat;asm;asmx</Extensions>
    </Filter>
    <Filter Include="Header Files">
      <UniqueIdentifier>{93995380-89BD-4b04-88EB-625FBE52EBFB}</UniqueIdentifier>
      <Extensions>h;hpp;hxx;hm;inl;inc;xsd</Extensions>
    </Filter>
    <Filter Include="Resource Files">
      <UniqueIdentifier>{67DA6AB6-F800-4c08-8B7A-83BB121AAD01}</UniqueIdentifier>
      <Extensions>rc;ico;cur;bmp;dlg;rc2;rct;bin;rgs;gif;jpg;jpeg;jpe;resx;tiff;tif;png;wav;mfcribbon-ms</Extensions>
    </Filter>
  </ItemGroup>
  <ItemGroup>
    <ClCompile Include="src\main.cpp">
      <Filter>Source Files</Filter>
    </ClCompile>
    <ClCompile Include="src\util.cpp">
      <Filter>Source Files</Filter>
    </ClCompile>
    <ClCompile Include="src\FloorParser.cpp">
      <Filter>Source Files</Filter>
    </ClCompile>
    <ClCompile Include="src\tests.cpp">
      <Filter>Source Files</Filter>
    </ClCompile>
    <ClCompile Include="src\Present.cpp">
      <Filter>Source Files</Filter>
    </ClCompile>
    <ClCompile Include="src\DeliveryParser.cpp">
      <Filter>Source Files</Filter>
    </ClCompile>
    <ClCompile Include="src\md5.cpp">
      <Filter>Source Files</Filter>
    </ClCompile>
    <ClCompile Include="src\AdventCoinMiner.cpp">
      <Filter>Source Files</Filter>
    </ClCompile>
    <ClCompile Include="src\NiceStringTester.cpp">
      <Filter>Source Files</Filter>
    </ClCompile>
    <ClCompile Include="src\LightController.cpp">
      <Filter>Source Files</Filter>
    </ClCompile>
    <ClCompile Include="src\LogicParser.cpp">
      <Filter>Source Files</Filter>
    </ClCompile>
    <ClCompile Include="src\Wire.cpp">
      <Filter>Source Files</Filter>
    </ClCompile>
    <ClCompile Include="src\WireKit.cpp">
      <Filter>Source Files</Filter>
    </ClCompile>
  </ItemGroup>
  <ItemGroup>
    <None Include="res\input_01_1.txt">
      <Filter>Resource Files</Filter>
    </None>
    <None Include="res\input_02_1.txt">
      <Filter>Resource Files</Filter>
    </None>
    <None Include="res\input_03_1.txt">
      <Filter>Resource Files</Filter>
    </None>
    <None Include="res\input_05.txt">
      <Filter>Resource Files</Filter>
    </None>
    <None Include="res\input_06.txt">
      <Filter>Resource Files</Filter>
    </None>
    <None Include="res\input_06_01.txt">
      <Filter>Resource Files</Filter>
    </None>
    <None Include="res\input_06_02.txt">
      <Filter>Resource Files</Filter>
    </None>
    <None Include="res\input_07.txt">
      <Filter>Resource Files</Filter>
    </None>
  </ItemGroup>
  <ItemGroup>
    <ClInclude Include="src\util.h">
      <Filter>Source Files</Filter>
    </ClInclude>
    <ClInclude Include="src\FloorParser.h">
      <Filter>Source Files</Filter>
    </ClInclude>
    <ClInclude Include="src\tests.h">
      <Filter>Source Files</Filter>
    </ClInclude>
    <ClInclude Include="src\Present.h">
      <Filter>Source Files</Filter>
    </ClInclude>
    <ClInclude Include="src\DeliveryParser.h">
      <Filter>Source Files</Filter>
    </ClInclude>
    <ClInclude Include="src\House.h">
      <Filter>Source Files</Filter>
    </ClInclude>
    <ClInclude Include="src\AdventCoinMiner.h">
      <Filter>Source Files</Filter>
    </ClInclude>
    <ClInclude Include="src\md5.h">
      <Filter>Source Files</Filter>
    </ClInclude>
    <ClInclude Include="src\NiceStringTester.h">
      <Filter>Source Files</Filter>
    </ClInclude>
    <ClInclude Include="src\LightController.h">
      <Filter>Source Files</Filter>
    </ClInclude>
    <ClInclude Include="src\LogicParser.h">
      <Filter>Source Files</Filter>
    </ClInclude>
    <ClInclude Include="src\Wire.h">
      <Filter>Source Files</Filter>
    </ClInclude>
    <ClInclude Include="src\WireKit.h">
      <Filter>Source Files</Filter>
    </ClInclude>
  </ItemGroup>
</Project>